---
lockfileVersion: '9.0'

importers:

  .:
    configDependencies: {}
    packageManagerDependencies:
      '@pnpm/exe':
        specifier: ^11.9.0
        version: 11.25.0
      pnpm:
        specifier: ^11.9.0
        version: 11.25.0

packages:

  '@pnpm/exe@11.25.0':
    resolution: {integrity: sha512-X19R2uC+VAJ4UJQE9c/PCdOXbDaWnZtad7WUrTHBFQuMVaK9MAHbyO/WgahQCuRtTmJkLbxcWKKCk+JeTYFm/g==}
    hasBin: true

  '@pnpm/linux-arm64@11.25.0':
    resolution: {integrity: sha512-ra8akqhzsbcOhKSJ9fFV8H+Oc9uGQAcp/XmIBEdT+8hPPoZCit3+RNCHmg8bLoNvpSLtRvZE0WFCMj7WyzxeBA==}
    cpu: [arm64]
    os: [linux]

  '@pnpm/linux-x64@11.25.0':
    resolution: {integrity: sha512-pQl/L10diKQCbF73viRrtVU8qVWMTudUCSG1uZ+EWBNKtU9Sbxe6Q378diXDb1uTwSgUVMQoypxlC1MTzh7qvQ==}
    cpu: [x64]
    os: [linux]

  '@pnpm/linuxstatic-arm64@11.25.0':
    resolution: {integrity: sha512-cYcrbB/xN1N6/5VUlFuHblb1gNyJgZv1CF5Pk1T0sHJxQMY4DFJV3OqHVAgahxyUfSTaQcVLvH1H2JFvd/+sgw==}
    cpu: [arm64]
    os: [linux]
    libc: [musl]

  '@pnpm/linuxstatic-x64@11.25.0':
    resolution: {integrity: sha512-HXDtaeQod16DDMUUcVLIMxvEc1jKn7IYsNPwbwAPs/Je/d3umRPJi3Ejjdn6e9qpXN6Oon+yvSsJr7B9oDt6KA==}
    cpu: [x64]
    os: [linux]
    libc: [musl]

  '@pnpm/macos-arm64@11.25.0':
    resolution: {integrity: sha512-m/eAgEqKhiSexGxWPHNXNnSRI0hudymg6K7LbrU2EoDs9IgJ28OKEz9mGxMzhkYBweEquR4k5teMNes/aToy9w==}
    cpu: [arm64]
    os: [darwin]

  '@pnpm/win-arm64@11.25.0':
    resolution: {integrity: sha512-oAeECbtZ+eJziaBmPUkwJM8Dx7KVQ5FO367AXTjD2HGfB5ob1Bcu5hoUF5RBTgDBiP9fRQ1u13uAEpqar/6NLA==}
    cpu: [arm64]
    os: [win32]

  '@pnpm/win-x64@11.25.0':
    resolution: {integrity: sha512-8/n+wCc0a8TRYTMFqti93Vh0cscdJ25xfMyYSDdXrLUh2ccxSFuS+SE7cNPjd/nOXoFAJvdW0kwfbyRPLa16/w==}
    cpu: [x64]
    os: [win32]

  '@reflink/reflink-darwin-arm64@0.1.19':
    resolution: {integrity: sha512-ruy44Lpepdk1FqDz38vExBY/PVUsjxZA+chd9wozjUH9JjuDT/HEaQYA6wYN9mf041l0yLVar6BCZuWABJvHSA==}
    engines: {node: '>= 10'}
    cpu: [arm64]
    os: [darwin]

  '@reflink/reflink-darwin-x64@0.1.19':
    resolution: {integrity: sha512-By85MSWrMZa+c26TcnAy8SDk0sTUkYlNnwknSchkhHpGXOtjNDUOxJE9oByBnGbeuIE1PiQsxDG3Ud+IVV9yuA==}
    engines: {node: '>= 10'}
    cpu: [x64]
    os: [darwin]

  '@reflink/reflink-linux-arm64-gnu@0.1.19':
    resolution: {integrity: sha512-7P+er8+rP9iNeN+bfmccM4hTAaLP6PQJPKWSA4iSk2bNvo6KU6RyPgYeHxXmzNKzPVRcypZQTpFgstHam6maVg==}
    engines: {node: '>= 10'}
    cpu: [arm64]
    os: [linux]
    libc: [glibc]

  '@reflink/reflink-linux-arm64-musl@0.1.19':
    resolution: {integrity: sha512-37iO/Dp6m5DDaC2sf3zPtx/hl9FV3Xze4xoYidrxxS9bgP3S8ALroxRK6xBG/1TtfXKTvolvp+IjrUU6ujIGmA==}
    engines: {node: '>= 10'}
    cpu: [arm64]
    os: [linux]
    libc: [musl]

  '@reflink/reflink-linux-x64-gnu@0.1.19':
    resolution: {integrity: sha512-jbI8jvuYCaA3MVUdu8vLoLAFqC+iNMpiSuLbxlAgg7x3K5bsS8nOpTRnkLF7vISJ+rVR8W+7ThXlXlUQ93ulkw==}
    engines: {node: '>= 10'}
    cpu: [x64]
    os: [linux]
    libc: [glibc]

  '@reflink/reflink-linux-x64-musl@0.1.19':
    resolution: {integrity: sha512-e9FBWDe+lv7QKAwtKOt6A2W/fyy/aEEfr0g6j/hWzvQcrzHCsz07BNQYlNOjTfeytrtLU7k449H1PI95jA4OjQ==}
    engines: {node: '>= 10'}
    cpu: [x64]
    os: [linux]
    libc: [musl]

  '@reflink/reflink-win32-arm64-msvc@0.1.19':
    resolution: {integrity: sha512-09PxnVIQcd+UOn4WAW73WU6PXL7DwGS6wPlkMhMg2zlHHG65F3vHepOw06HFCq+N42qkaNAc8AKIabWvtk6cIQ==}
    engines: {node: '>= 10'}
    cpu: [arm64]
    os: [win32]

  '@reflink/reflink-win32-x64-msvc@0.1.19':
    resolution: {integrity: sha512-E//yT4ni2SyhwP8JRjVGWr3cbnhWDiPLgnQ66qqaanjjnMiu3O/2tjCPQXlcGc/DEYofpDc9fvhv6tALQsMV9w==}
    engines: {node: '>= 10'}
    cpu: [x64]
    os: [win32]

  '@reflink/reflink@0.1.19':
    resolution: {integrity: sha512-DmCG8GzysnCZ15bres3N5AHCmwBwYgp0As6xjhQ47rAUTUXxJiK+lLUxaGsX3hd/30qUpVElh05PbGuxRPgJwA==}
    engines: {node: '>= 10'}

  detect-libc@2.1.2:
    resolution: {integrity: sha512-Btj2BOOO83o3WyH59e8MgXsxEQVcarkUOpEYrubB0urwnN10yQ364rsiByU11nZlqWYZm05i/of7io4mzihBtQ==}
    engines: {node: '>=8'}

  pnpm@11.25.0:
    resolution: {integrity: sha512-XN6SW08HX3Jetx+64YpC/+eEUkeJ8ZthxzHLhyHsKKruFg4BqNWvT+2ypCzb8wDv4j2zVrDUoXtNY+EfirfJVg==}
    engines: {node: '>=22.13'}
    hasBin: true

snapshots:

  '@pnpm/exe@11.25.0':
    dependencies:
      '@reflink/reflink': 0.1.19
      detect-libc: 2.1.2
    optionalDependencies:
      '@pnpm/linux-arm64': 11.25.0
      '@pnpm/linux-x64': 11.25.0
      '@pnpm/linuxstatic-arm64': 11.25.0
      '@pnpm/linuxstatic-x64': 11.25.0
      '@pnpm/macos-arm64': 11.25.0
      '@pnpm/win-arm64': 11.25.0
      '@pnpm/win-x64': 11.25.0

  '@pnpm/linux-arm64@11.25.0':
    optional: true

  '@pnpm/linux-x64@11.25.0':
    optional: true

  '@pnpm/linuxstatic-arm64@11.25.0':
    optional: true

  '@pnpm/linuxstatic-x64@11.25.0':
    optional: true

  '@pnpm/macos-arm64@11.25.0':
    optional: true

  '@pnpm/win-arm64@11.25.0':
    optional: true

  '@pnpm/win-x64@11.25.0':
    optional: true

  '@reflink/reflink-darwin-arm64@0.1.19':
    optional: true

  '@reflink/reflink-darwin-x64@0.1.19':
    optional: true

  '@reflink/reflink-linux-arm64-gnu@0.1.19':
    optional: true

  '@reflink/reflink-linux-arm64-musl@0.1.19':
    optional: true

  '@reflink/reflink-linux-x64-gnu@0.1.19':
    optional: true

  '@reflink/reflink-linux-x64-musl@0.1.19':
    optional: true

  '@reflink/reflink-win32-arm64-msvc@0.1.19':
    optional: true

  '@reflink/reflink-win32-x64-msvc@0.1.19':
    optional: true

  '@reflink/reflink@0.1.19':
    optionalDependencies:
      '@reflink/reflink-darwin-arm64': 0.1.19
      '@reflink/reflink-darwin-x64': 0.1.19
      '@reflink/reflink-linux-arm64-gnu': 0.1.19
      '@reflink/reflink-linux-arm64-musl': 0.1.19
      '@reflink/reflink-linux-x64-gnu': 0.1.19
      '@reflink/reflink-linux-x64-musl': 0.1.19
      '@reflink/reflink-win32-arm64-msvc': 0.1.19
      '@reflink/reflink-win32-x64-msvc': 0.1.19

  detect-libc@2.1.2: {}

  pnpm@11.25.0: {}

---
lockfileVersion: '9.0'

settings:
  autoInstallPeers: true
  excludeLinksFromLockfile: false

importers:

  .:
    dependencies:
      '@langchain/core':
        specifier: ^1.2.9
        version: 1.2.9(openai@7.9.0(zod@4.5.4))
      '@langchain/openai':
        specifier: ^1.5.11
        version: 1.5.11(@langchain/core@1.2.9(openai@7.9.0(zod@4.5.4)))
      langchain:
        specifier: ^1.5.10
        version: 1.5.10(@langchain/core@1.2.9(openai@7.9.0(zod@4.5.4)))(openai@7.9.0(zod@4.5.4))
    devDependencies:
      chalk:
        specifier: ^6.0.0
        version: 6.0.0
      dotenv:
        specifier: ^17.4.2
        version: 17.4.2
      zod:
        specifier: ^4.5.4
        version: 4.5.4

packages:

  '@cfworker/json-schema@4.1.1':
    resolution: {integrity: sha512-gAmrUZSGtKc3AiBL71iNWxDsyUC5uMaKKGdvzYsBoTW/xi42JQHl7eKV2OYzCUqvc+D2RCcf7EXY2iCyFIk6og==}

  '@langchain/core@1.2.9':
    resolution: {integrity: sha512-conzSEj9Zu1AyXJLXsSbgrtxtxinmI1yGqQ5CIJZSoV5rvv+yvQE/vgBnoySpBQ/bl3YPgj2FL/gbDjWykLSfg==}
    engines: {node: '>=20'}

  '@langchain/langgraph-checkpoint@1.1.5':
    resolution: {integrity: sha512-BwDwl5VeTOh6CVuiIPgsUgfK51vTJDMSbFcSCUfjJWsl8/DPdK/mbv+ejxJstkSk/BlSPMP4JfXWcN6jD2ea2Q==}
    engines: {node: '>=18'}
    peerDependencies:
      '@langchain/core': ^1.1.48

  '@langchain/langgraph-sdk@1.10.0':
    resolution: {integrity: sha512-cPPkh+hMNgeOaGtJRrqs1AjZde45cG2+Ma9Sc10wz2RyvT8SKToCKS+VvkS18SsLajnmq6/FKVmthq6rnUVYOw==}
    peerDependencies:
      '@langchain/core': ^1.1.48
      react: ^18 || ^19
      react-dom: ^18 || ^19
    peerDependenciesMeta:
      react:
        optional: true
      react-dom:
        optional: true

  '@langchain/langgraph@1.4.13':
    resolution: {integrity: sha512-LO1ak6jNQ9jR13tm7Ay4Yh2/otrH7LNVUwWTAI7WJigVdW5Fb6LuYSZUzVn4S7sVSiyVFfnrUcDTd8c7eAzPrQ==}
    engines: {node: '>=18'}
    peerDependencies:
      '@langchain/core': ^1.1.48
      zod: ^3.25.32 || ^4.2.0

  '@langchain/openai@1.5.11':
    resolution: {integrity: sha512-BvGp5lQk5//0WVwTIepscazFpneT9I9+mc+kp+cLuhGHFb7mc9zGNrusZOXoa3p73SN0i3XqTo8lyIndpVx3Hw==}
    engines: {node: '>=22'}
    peerDependencies:
      '@langchain/core': ^1.2.9

  '@langchain/protocol@0.0.18':
    resolution: {integrity: sha512-XW1egQtPfsGI41w2AMZNFZrUIwFSQHTjVMZs0OaTpCAvht/QLoaPN8FQcsysMVypOhupG28J29yOorrc70otBQ==}

  '@langchain/protocol@0.0.19':
    resolution: {integrity: sha512-9hKcRrH7cBX6gfutdfXPoft1OCchHe4FEpALoDJMl5Qu+n/YG5ynZmyu8+8cxORlPwHBoKTxggvXz+76M1yX1Q==}

  '@standard-schema/spec@1.1.0':
    resolution: {integrity: sha512-l2aFy5jALhniG5HgqrD6jXLi/rUWrKvqN/qJx6yoJsgKhblVd+iqqU4RCXavm/jPityDo5TCvKMnpjKnOriy0w==}

  '@types/json-schema@7.0.15':
    resolution: {integrity: sha512-5+fP8P8MFNC+AyZCDxrB2pkZFPGzqQWUzpSeuuVLvm8VMcorNYavBqoFcxK8bQz4Qsbn4oUEEem4wDLfcysGHA==}

  base64-js@1.5.1:
    resolution: {integrity: sha512-AKpaYlHn8t4SVbOHCy+b5+KKgvR4vrsD8vbvrbiQJps7fKDTkjkDry6ji0rUJjC0kzbNePLwzxq8iypo41qeWA==}

  chalk@6.0.0:
    resolution: {integrity: sha512-2uNTXIuTTxk7ciZgAU1BQcgnchcG0xXnrs6jzkQfj9SsRa9M2s5zE8WT96hS6KmG4MzWHSrvH43DF1m4XRkrFg==}
    engines: {node: '>=22'}

  dotenv@17.4.2:
    resolution: {integrity: sha512-nI4U3TottKAcAD9LLud4Cb7b2QztQMUEfHbvhTH09bqXTxnSie8WnjPALV/WMCrJZ6UV/qHJ6L03OqO3LcdYZw==}
    engines: {node: '>=12'}

  eventemitter3@4.0.7:
    resolution: {integrity: sha512-8guHBZCwKnFhYdHr2ysuRWErTwhoN2X8XELRlrRwpmfeY2jjuUN4taQMsULKUVo1K4DvZl+0pgfyoysHxvmvEw==}

  eventemitter3@5.0.4:
    resolution: {integrity: sha512-mlsTRyGaPBjPedk6Bvw+aqbsXDtoAyAzm5MO7JgU+yVRyMQ5O8bD4Kcci7BS85f93veegeCPkL8R4GLClnjLFw==}

  is-network-error@1.3.2:
    resolution: {integrity: sha512-PhBY86zaxNZUuWP6h13Vu5oFe0XY6/UlKzQnYFELzGVHygP3MxmvTfYSG7GN3aIab/iWudSMgjSnG9Dq+nHrgA==}
    engines: {node: '>=16'}

  js-tiktoken@1.0.21:
    resolution: {integrity: sha512-biOj/6M5qdgx5TKjDnFT1ymSpM5tbd3ylwDtrQvFQSu0Z7bBYko2dF+W/aUkXUPuk6IVpRxk/3Q2sHOzGlS36g==}

  langchain@1.5.10:
    resolution: {integrity: sha512-JaC12C1qyGn985vvjttr4hr8lfFzWhrXp2M1byZJGmNJ2RiIgqnhiYDuLlG/xHDxhKD3onJ5pCuUif/cbdqPhA==}
    engines: {node: '>=20'}
    peerDependencies:
      '@langchain/core': ^1.2.9

  langsmith@0.10.1:
    resolution: {integrity: sha512-zRDCnLznGdzx1VottX4CWr8v9ZZLRoSql2pbjEXYA1Jeg+NMDdq87x/v0Dk4GNkNZYhE+ZxFX3vTxwWq6W6gVA==}
    peerDependencies:
      '@opentelemetry/api': '*'
      '@opentelemetry/exporter-trace-otlp-proto': '*'
      '@opentelemetry/sdk-trace-base': '*'
      openai: '*'
      ws: '>=7'
    peerDependenciesMeta:
      '@opentelemetry/api':
        optional: true
      '@opentelemetry/exporter-trace-otlp-proto':
        optional: true
      '@opentelemetry/sdk-trace-base':
        optional: true
      openai:
        optional: true
      ws:
        optional: true

  mustache@4.2.0:
    resolution: {integrity: sha512-71ippSywq5Yb7/tVYyGbkBggbU8H3u5Rz56fH60jGFgr8uHwxs+aSKeqmluIVzM0m0kB7xQjKS6qPfd0b2ZoqQ==}
    hasBin: true

  openai@7.9.0:
    resolution: {integrity: sha512-Qfx4qKmPllnilbuP6NgEj5KPUxLShYxrlRPWh3ZRQgNgs5B1V52PrfAdEQbW9MTGq7MquDYFMm+K/KXxiY736w==}
    engines: {node: '>=22.0.0'}
    peerDependencies:
      '@aws-sdk/credential-provider-node': '>=3.972.0 <4'
      '@smithy/hash-node': '>=4.3.0 <5'
      '@smithy/signature-v4': '>=5.4.0 <6'
      undici: '>=5 <9'
      ws: ^8.21.0
      zod: ^3.25 || ^4.0
    peerDependenciesMeta:
      '@aws-sdk/credential-provider-node':
        optional: true
      '@smithy/hash-node':
        optional: true
      '@smithy/signature-v4':
        optional: true
      undici:
        optional: true
      ws:
        optional: true
      zod:
        optional: true

  p-finally@1.0.0:
    resolution: {integrity: sha512-LICb2p9CB7FS+0eR1oqWnHhp0FljGLZCWBE9aix0Uye9W8LTQPwMTYVGWQWIw9RdQiDg4+epXQODwIYJtSJaow==}
    engines: {node: '>=4'}

  p-queue@6.6.2:
    resolution: {integrity: sha512-RwFpb72c/BhQLEXIZ5K2e+AhgNVmIejGlTgiB9MzZ0e93GRvqZ7uSi0dvRF7/XIXDeNkra2fNHBxTyPDGySpjQ==}
    engines: {node: '>=8'}

  p-queue@9.3.3:
    resolution: {integrity: sha512-NXAOdnEe5FsZJfT4oK84lE1Y5cFFdWlRuOo5tww8DyNMxyRXwn39fIkUtNLKppcPC+UYU/bXujNCUGDv01y7CA==}
    engines: {node: '>=20'}

  p-retry@7.1.1:
    resolution: {integrity: sha512-J5ApzjyRkkf601HpEeykoiCvzHQjWxPAHhyjFcEUP2SWq0+35NKh8TLhpLw+Dkq5TZBFvUM6UigdE9hIVYTl5w==}
    engines: {node: '>=20'}

  p-timeout@3.2.0:
    resolution: {integrity: sha512-rhIwUycgwwKcP9yTOOFK/AKsAopjjCakVqLHePO3CC6Mir1Z99xT+R63jZxAT5lFZLa2inS5h+ZS2GvR99/FBg==}
    engines: {node: '>=8'}

  p-timeout@7.0.1:
    resolution: {integrity: sha512-AxTM2wDGORHGEkPCt8yqxOTMgpfbEHqF51f/5fJCmwFC3C/zNcGT63SymH2ttOAaiIws2zVg4+izQCjrakcwHg==}
    engines: {node: '>=20'}

  zod@4.5.4:
    resolution: {integrity: sha512-sC95tT5iHHH9gtpj6A81kh+NEaRAUFN+qlUPDUbRfOMvNf5QCBqsb3WgvnpVtK5Y+4UfA6KqufotuTvMGiTlsA==}

snapshots:

  '@cfworker/json-schema@4.1.1': {}

  '@langchain/core@1.2.9(openai@7.9.0(zod@4.5.4))':
    dependencies:
      '@cfworker/json-schema': 4.1.1
      '@standard-schema/spec': 1.1.0
      js-tiktoken: 1.0.21
      langsmith: 0.10.1(openai@7.9.0(zod@4.5.4))
      mustache: 4.2.0
      p-queue: 6.6.2
      zod: 4.5.4
    transitivePeerDependencies:
      - '@opentelemetry/api'
      - '@opentelemetry/exporter-trace-otlp-proto'
      - '@opentelemetry/sdk-trace-base'
      - openai
      - ws

  '@langchain/langgraph-checkpoint@1.1.5(@langchain/core@1.2.9(openai@7.9.0(zod@4.5.4)))':
    dependencies:
      '@langchain/core': 1.2.9(openai@7.9.0(zod@4.5.4))

  '@langchain/langgraph-sdk@1.10.0(@langchain/core@1.2.9(openai@7.9.0(zod@4.5.4)))':
    dependencies:
      '@langchain/core': 1.2.9(openai@7.9.0(zod@4.5.4))
      '@langchain/protocol': 0.0.19
      '@types/json-schema': 7.0.15
      p-queue: 9.3.3
      p-retry: 7.1.1

  '@langchain/langgraph@1.4.13(@langchain/core@1.2.9(openai@7.9.0(zod@4.5.4)))(zod@4.5.4)':
    dependencies:
      '@langchain/core': 1.2.9(openai@7.9.0(zod@4.5.4))
      '@langchain/langgraph-checkpoint': 1.1.5(@langchain/core@1.2.9(openai@7.9.0(zod@4.5.4)))
      '@langchain/langgraph-sdk': 1.10.0(@langchain/core@1.2.9(openai@7.9.0(zod@4.5.4)))
      '@langchain/protocol': 0.0.18
      '@standard-schema/spec': 1.1.0
      zod: 4.5.4
    transitivePeerDependencies:
      - react
      - react-dom

  '@langchain/openai@1.5.11(@langchain/core@1.2.9(openai@7.9.0(zod@4.5.4)))':
    dependencies:
      '@langchain/core': 1.2.9(openai@7.9.0(zod@4.5.4))
      js-tiktoken: 1.0.21
      openai: 7.9.0(zod@4.5.4)
      zod: 4.5.4
    transitivePeerDependencies:
      - '@aws-sdk/credential-provider-node'
      - '@smithy/hash-node'
      - '@smithy/signature-v4'
      - undici
      - ws

  '@langchain/protocol@0.0.18': {}

  '@langchain/protocol@0.0.19': {}

  '@standard-schema/spec@1.1.0': {}

  '@types/json-schema@7.0.15': {}

  base64-js@1.5.1: {}

  chalk@6.0.0: {}

  dotenv@17.4.2: {}

  eventemitter3@4.0.7: {}

  eventemitter3@5.0.4: {}

  is-network-error@1.3.2: {}

  js-tiktoken@1.0.21:
    dependencies:
      base64-js: 1.5.1

  langchain@1.5.10(@langchain/core@1.2.9(openai@7.9.0(zod@4.5.4)))(openai@7.9.0(zod@4.5.4)):
    dependencies:
      '@langchain/core': 1.2.9(openai@7.9.0(zod@4.5.4))
      '@langchain/langgraph': 1.4.13(@langchain/core@1.2.9(openai@7.9.0(zod@4.5.4)))(zod@4.5.4)
      '@langchain/langgraph-checkpoint': 1.1.5(@langchain/core@1.2.9(openai@7.9.0(zod@4.5.4)))
      langsmith: 0.10.1(openai@7.9.0(zod@4.5.4))
      zod: 4.5.4
    transitivePeerDependencies:
      - '@opentelemetry/api'
      - '@opentelemetry/exporter-trace-otlp-proto'
      - '@opentelemetry/sdk-trace-base'
      - openai
      - react
      - react-dom
      - ws

  langsmith@0.10.1(openai@7.9.0(zod@4.5.4)):
    dependencies:
      p-queue: 6.6.2
    optionalDependencies:
      openai: 7.9.0(zod@4.5.4)

  mustache@4.2.0: {}

  openai@7.9.0(zod@4.5.4):
    optionalDependencies:
      zod: 4.5.4

  p-finally@1.0.0: {}

  p-queue@6.6.2:
    dependencies:
      eventemitter3: 4.0.7
      p-timeout: 3.2.0

  p-queue@9.3.3:
    dependencies:
      eventemitter3: 5.0.4
      p-timeout: 7.0.1

  p-retry@7.1.1:
    dependencies:
      is-network-error: 1.3.2

  p-timeout@3.2.0:
    dependencies:
      p-finally: 1.0.0

  p-timeout@7.0.1: {}

  zod@4.5.4: {}
